
Microsoft Visual Studio Solution File, Format Version 12.00
# Visual Studio Version 16
VisualStudioVersion = 16.0.29806.167
MinimumVisualStudioVersion = 10.0.40219.1
Project("{FAE04EC0-301F-11D3-BF4B-00C04F79EFBC}") = "BookListRazor", "BookListRazor\BookListRazor.csproj", "{CAEB6EDC-741E-4996-B307-2F8795F3F7A6}"
EndProject
Global
	GlobalSection(SolutionConfigurationPlatforms) = preSolution
		Debug|Any CPU = Debug|Any CPU
		Release|Any CPU = Release|Any CPU
	EndGlobalSection
	GlobalSection(ProjectConfigurationPlatforms) = postSolution
		{CAEB6EDC-741E-4996-B307-2F8795F3F7A6}.Debug|Any CPU.ActiveCfg = Debug|Any CPU
		{CAEB6EDC-741E-4996-B307-2F8795F3F7A6}.Debug|Any CPU.Build.0 = Debug|Any CPU
		{CAEB6EDC-741E-4996-B307-2F8795F3F7A6}.Release|Any CPU.ActiveCfg = Release|Any CPU
		{CAEB6EDC-741E-4996-B307-2F8795F3F7A6}.Release|Any CPU.Build.0 = Release|Any CPU
	EndGlobalSection
	GlobalSection(SolutionProperties) = preSolution
		HideSolutionNode = FALSE
	EndGlobalSection
	GlobalSection(ExtensibilityGlobals) = postSolution
		SolutionGuid = {D9AFCD60-A37F-4D89-99CC-BD1A353F12BD}
	EndGlobalSection
EndGlobal
